
Microsoft Visual Studio Solution File, Format Version 12.00
Project("{FAE04EC0-301F-11D3-BF4B-00C04F79EFBC}") = "Monopolia", "Monopolia\Monopolia.csproj", "{03200C0F-6ACB-4E4F-9FA8-A1E8A9821630}"
EndProject
Project("{FAE04EC0-301F-11D3-BF4B-00C04F79EFBC}") = "Monopolia.Console", "Monopolia.Console\Monopolia.Console.csproj", "{EBD7317A-74CB-4A5C-9ACE-C427A05AAB60}"
EndProject
Global
	GlobalSection(SolutionConfigurationPlatforms) = preSolution
		Debug|Any CPU = Debug|Any CPU
		Release|Any CPU = Release|Any CPU
	EndGlobalSection
	GlobalSection(ProjectConfigurationPlatforms) = postSolution
		{03200C0F-6ACB-4E4F-9FA8-A1E8A9821630}.Debug|Any CPU.ActiveCfg = Debug|Any CPU
		{03200C0F-6ACB-4E4F-9FA8-A1E8A9821630}.Debug|Any CPU.Build.0 = Debug|Any CPU
		{03200C0F-6ACB-4E4F-9FA8-A1E8A9821630}.Release|Any CPU.ActiveCfg = Release|Any CPU
		{03200C0F-6ACB-4E4F-9FA8-A1E8A9821630}.Release|Any CPU.Build.0 = Release|Any CPU
		{EBD7317A-74CB-4A5C-9ACE-C427A05AAB60}.Debug|Any CPU.ActiveCfg = Debug|Any CPU
		{EBD7317A-74CB-4A5C-9ACE-C427A05AAB60}.Debug|Any CPU.Build.0 = Debug|Any CPU
		{EBD7317A-74CB-4A5C-9ACE-C427A05AAB60}.Release|Any CPU.ActiveCfg = Release|Any CPU
		{EBD7317A-74CB-4A5C-9ACE-C427A05AAB60}.Release|Any CPU.Build.0 = Release|Any CPU
	EndGlobalSection
	GlobalSection(NestedProjects) = preSolution
	EndGlobalSection
EndGlobal
